<?xml version="1.0" encoding="utf-8"?>
<Project ToolsVersion="4.0" xmlns="http://schemas.microsoft.com/developer/msbuild/2003">
  <ItemGroup>
    <Filter Include="Source Files">
      <UniqueIdentifier>{4FC737F1-C7A5-4376-A066-2A32D752A2FF}</UniqueIdentifier>
      <Extensions>cpp;c;cc;cxx;c++;cppm;ixx;def;odl;idl;hpj;bat;asm;asmx</Extensions>
    </Filter>
    <Filter Include="Header Files">
      <UniqueIdentifier>{93995380-89BD-4b04-88EB-625FBE52EBFB}</UniqueIdentifier>
      <Extensions>h;hh;hpp;hxx;h++;hm;inl;inc;ipp;xsd</Extensions>
    </Filter>
    <Filter Include="Header Files\Resource Files">
      <UniqueIdentifier>{67DA6AB6-F800-4c08-8B7A-83BB121AAD01}</UniqueIdentifier>
      <Extensions>rc;ico;cur;bmp;dlg;rc2;rct;bin;rgs;gif;jpg;jpeg;jpe;resx;tiff;tif;png;wav;mfcribbon-ms</Extensions>
    </Filter>
  </ItemGroup>
  <ItemGroup>
    <ClCompile Include="rule1.cpp">
      <Filter>Source Files</Filter>
    </ClCompile>
    <ClCompile Include="rule2.cpp">
      <Filter>Source Files</Filter>
    </ClCompile>
    <ClCompile Include="rule3.cpp">
      <Filter>Source Files</Filter>
    </ClCompile>
    <ClCompile Include="rule4.cpp">
      <Filter>Source Files</Filter>
    </ClCompile>
    <ClCompile Include="rule5.cpp">
      <Filter>Source Files</Filter>
    </ClCompile>
    <ClCompile Include="rule6.cpp">
      <Filter>Source Files</Filter>
    </ClCompile>
    <ClCompile Include="rule7.cpp">
      <Filter>Source Files</Filter>
    </ClCompile>
    <ClCompile Include="rule8.cpp">
      <Filter>Source Files</Filter>
    </ClCompile>
    <ClCompile Include="rule9.cpp">
      <Filter>Source Files</Filter>
    </ClCompile>
    <ClCompile Include="rule10.cpp">
      <Filter>Source Files</Filter>
    </ClCompile>
    <ClCompile Include="rule11.cpp">
      <Filter>Source Files</Filter>
    </ClCompile>
    <ClCompile Include="rule12.cpp">
      <Filter>Source Files</Filter>
    </ClCompile>
    <ClCompile Include="rule13.cpp">
      <Filter>Source Files</Filter>
    </ClCompile>
    <ClCompile Include="rule14.cpp">
      <Filter>Source Files</Filter>
    </ClCompile>
    <ClCompile Include="rule15.cpp">
      <Filter>Source Files</Filter>
    </ClCompile>
    <ClCompile Include="rule16.cpp">
      <Filter>Source Files</Filter>
    </ClCompile>
    <ClCompile Include="rule17.cpp">
      <Filter>Source Files</Filter>
    </ClCompile>
    <ClCompile Include="rule18.cpp">
      <Filter>Source Files</Filter>
    </ClCompile>
    <ClCompile Include="rule19.cpp">
      <Filter>Source Files</Filter>
    </ClCompile>
    <ClCompile Include="rule20.cpp">
      <Filter>Source Files</Filter>
    </ClCompile>
    <ClCompile Include="rule21.cpp">
      <Filter>Source Files</Filter>
    </ClCompile>
    <ClCompile Include="geom.cpp">
      <Filter>Source Files</Filter>
    </ClCompile>
    <ClCompile Include="main.cpp">
      <Filter>Source Files</Filter>
    </ClCompile>
    <ClCompile Include="tests.cpp">
      <Filter>Source Files</Filter>
    </ClCompile>
  </ItemGroup>
  <ItemGroup>
    <ClInclude Include="geom.h">
      <Filter>Header Files</Filter>
    </ClInclude>
    <ClInclude Include="tests.h">
      <Filter>Header Files</Filter>
    </ClInclude>
  </ItemGroup>
</Project>